
Microsoft Visual Studio Solution File, Format Version 12.00
# Visual Studio 15
VisualStudioVersion = 15.0.27428.2037
MinimumVisualStudioVersion = 10.0.40219.1
Project("{FAE04EC0-301F-11D3-BF4B-00C04F79EFBC}") = "NotifyWebApi", "NotifyWebApi\NotifyWebApi.csproj", "{2F43E03B-AE90-48BF-AD99-82B1981693CD}"
	ProjectSection(ProjectDependencies) = postProject
		{50F48230-C3ED-4C69-808F-BF3BD69E3F2A} = {50F48230-C3ED-4C69-808F-BF3BD69E3F2A}
		{DC6F2A7F-2B9F-4AE5-908F-4F209874F349} = {DC6F2A7F-2B9F-4AE5-908F-4F209874F349}
	EndProjectSection
EndProject
Project("{FAE04EC0-301F-11D3-BF4B-00C04F79EFBC}") = "NotifyWebApi.BLL", "NotifyWebApi.BLL\NotifyWebApi.BLL.csproj", "{50F48230-C3ED-4C69-808F-BF3BD69E3F2A}"
	ProjectSection(ProjectDependencies) = postProject
		{DC6F2A7F-2B9F-4AE5-908F-4F209874F349} = {DC6F2A7F-2B9F-4AE5-908F-4F209874F349}
		{4F976492-E525-4A2E-BC43-EB0C82A9BD4B} = {4F976492-E525-4A2E-BC43-EB0C82A9BD4B}
	EndProjectSection
EndProject
Project("{FAE04EC0-301F-11D3-BF4B-00C04F79EFBC}") = "NotifyWebApi.Repositories", "NotifyWebApi.Repositories\NotifyWebApi.Repositories.csproj", "{4F976492-E525-4A2E-BC43-EB0C82A9BD4B}"
	ProjectSection(ProjectDependencies) = postProject
		{DC6F2A7F-2B9F-4AE5-908F-4F209874F349} = {DC6F2A7F-2B9F-4AE5-908F-4F209874F349}
	EndProjectSection
EndProject
Project("{FAE04EC0-301F-11D3-BF4B-00C04F79EFBC}") = "NotifyWebApi.Models", "NotifyWebApi.Models\NotifyWebApi.Models.csproj", "{DC6F2A7F-2B9F-4AE5-908F-4F209874F349}"
EndProject
Global
	GlobalSection(SolutionConfigurationPlatforms) = preSolution
		Debug|Any CPU = Debug|Any CPU
		Release|Any CPU = Release|Any CPU
	EndGlobalSection
	GlobalSection(ProjectConfigurationPlatforms) = postSolution
		{2F43E03B-AE90-48BF-AD99-82B1981693CD}.Debug|Any CPU.ActiveCfg = Debug|Any CPU
		{2F43E03B-AE90-48BF-AD99-82B1981693CD}.Debug|Any CPU.Build.0 = Debug|Any CPU
		{2F43E03B-AE90-48BF-AD99-82B1981693CD}.Release|Any CPU.ActiveCfg = Release|Any CPU
		{2F43E03B-AE90-48BF-AD99-82B1981693CD}.Release|Any CPU.Build.0 = Release|Any CPU
		{50F48230-C3ED-4C69-808F-BF3BD69E3F2A}.Debug|Any CPU.ActiveCfg = Debug|Any CPU
		{50F48230-C3ED-4C69-808F-BF3BD69E3F2A}.Debug|Any CPU.Build.0 = Debug|Any CPU
		{50F48230-C3ED-4C69-808F-BF3BD69E3F2A}.Release|Any CPU.ActiveCfg = Release|Any CPU
		{50F48230-C3ED-4C69-808F-BF3BD69E3F2A}.Release|Any CPU.Build.0 = Release|Any CPU
		{4F976492-E525-4A2E-BC43-EB0C82A9BD4B}.Debug|Any CPU.ActiveCfg = Debug|Any CPU
		{4F976492-E525-4A2E-BC43-EB0C82A9BD4B}.Debug|Any CPU.Build.0 = Debug|Any CPU
		{4F976492-E525-4A2E-BC43-EB0C82A9BD4B}.Release|Any CPU.ActiveCfg = Release|Any CPU
		{4F976492-E525-4A2E-BC43-EB0C82A9BD4B}.Release|Any CPU.Build.0 = Release|Any CPU
		{DC6F2A7F-2B9F-4AE5-908F-4F209874F349}.Debug|Any CPU.ActiveCfg = Debug|Any CPU
		{DC6F2A7F-2B9F-4AE5-908F-4F209874F349}.Debug|Any CPU.Build.0 = Debug|Any CPU
		{DC6F2A7F-2B9F-4AE5-908F-4F209874F349}.Release|Any CPU.ActiveCfg = Release|Any CPU
		{DC6F2A7F-2B9F-4AE5-908F-4F209874F349}.Release|Any CPU.Build.0 = Release|Any CPU
	EndGlobalSection
	GlobalSection(SolutionProperties) = preSolution
		HideSolutionNode = FALSE
	EndGlobalSection
	GlobalSection(ExtensibilityGlobals) = postSolution
		SolutionGuid = {CCBACC71-870D-410A-A78B-975538C609C7}
	EndGlobalSection
EndGlobal
