
Microsoft Visual Studio Solution File, Format Version 12.00
# Visual Studio 15
VisualStudioVersion = 15.0.27428.2037
MinimumVisualStudioVersion = 10.0.40219.1
Project("{FAE04EC0-301F-11D3-BF4B-00C04F79EFBC}") = "Notify", "Notify\Notify.csproj", "{C1879DAE-BB46-4DCB-8FDC-496BDA50BD72}"
EndProject
Global
	GlobalSection(SolutionConfigurationPlatforms) = preSolution
		Debug|Any CPU = Debug|Any CPU
		Release|Any CPU = Release|Any CPU
	EndGlobalSection
	GlobalSection(ProjectConfigurationPlatforms) = postSolution
		{C1879DAE-BB46-4DCB-8FDC-496BDA50BD72}.Debug|Any CPU.ActiveCfg = Debug|Any CPU
		{C1879DAE-BB46-4DCB-8FDC-496BDA50BD72}.Debug|Any CPU.Build.0 = Debug|Any CPU
		{C1879DAE-BB46-4DCB-8FDC-496BDA50BD72}.Release|Any CPU.ActiveCfg = Release|Any CPU
		{C1879DAE-BB46-4DCB-8FDC-496BDA50BD72}.Release|Any CPU.Build.0 = Release|Any CPU
	EndGlobalSection
	GlobalSection(SolutionProperties) = preSolution
		HideSolutionNode = FALSE
	EndGlobalSection
	GlobalSection(ExtensibilityGlobals) = postSolution
		SolutionGuid = {61EBD354-6FE4-46CB-8A67-6589B2A5FBAE}
	EndGlobalSection
EndGlobal
